// !$*UTF8*$!
{
	archiveVersion = 1;
	classes = {
	};
	objectVersion = 46;
	objects = {

/* Begin PBXBuildFile section */
		109B59E51481577E00B3662B /* Cocoa.framework in Frameworks */ = {isa = PBXBuildFile; fileRef = 109B59E41481577E00B3662B /* Cocoa.framework */; };
		109B59EF1481577E00B3662B /* InfoPlist.strings in Resources */ = {isa = PBXBuildFile; fileRef = 109B59ED1481577E00B3662B /* InfoPlist.strings */; };
		109B59F11481577E00B3662B /* main.m in Sources */ = {isa = PBXBuildFile; fileRef = 109B59F01481577E00B3662B /* main.m */; };
		109B59F51481577E00B3662B /* Credits.rtf in Resources */ = {isa = PBXBuildFile; fileRef = 109B59F31481577E00B3662B /* Credits.rtf */; };
		109B59F81481577E00B3662B /* SLAppDelegate.m in Sources */ = {isa = PBXBuildFile; fileRef = 109B59F71481577E00B3662B /* SLAppDelegate.m */; };
		109B59FB1481577E00B3662B /* MainMenu.xib in Resources */ = {isa = PBXBuildFile; fileRef = 109B59F91481577E00B3662B /* MainMenu.xib */; };
		109B5A2D1481584700B3662B /* NSObject+SBJson.m in Sources */ = {isa = PBXBuildFile; fileRef = 109B5A0B1481584600B3662B /* NSObject+SBJson.m */; };
		109B5A2E1481584700B3662B /* SBJsonParser.m in Sources */ = {isa = PBXBuildFile; fileRef = 109B5A0E1481584600B3662B /* SBJsonParser.m */; };
		109B5A2F1481584700B3662B /* SBJsonStreamParser.m in Sources */ = {isa = PBXBuildFile; fileRef = 109B5A101481584600B3662B /* SBJsonStreamParser.m */; };
		109B5A301481584700B3662B /* SBJsonStreamParserAccumulator.m in Sources */ = {isa = PBXBuildFile; fileRef = 109B5A121481584600B3662B /* SBJsonStreamParserAccumulator.m */; };
		109B5A311481584700B3662B /* SBJsonStreamParserAdapter.m in Sources */ = {isa = PBXBuildFile; fileRef = 109B5A141481584600B3662B /* SBJsonStreamParserAdapter.m */; };
		109B5A321481584700B3662B /* SBJsonStreamParserState.m in Sources */ = {isa = PBXBuildFile; fileRef = 109B5A161481584600B3662B /* SBJsonStreamParserState.m */; };
		109B5A331481584700B3662B /* SBJsonStreamWriter.m in Sources */ = {isa = PBXBuildFile; fileRef = 109B5A181481584600B3662B /* SBJsonStreamWriter.m */; };
		109B5A341481584700B3662B /* SBJsonStreamWriterAccumulator.m in Sources */ = {isa = PBXBuildFile; fileRef = 109B5A1A1481584600B3662B /* SBJsonStreamWriterAccumulator.m */; };
		109B5A351481584700B3662B /* SBJsonStreamWriterState.m in Sources */ = {isa = PBXBuildFile; fileRef = 109B5A1C1481584600B3662B /* SBJsonStreamWriterState.m */; };
		109B5A361481584700B3662B /* SBJsonTokeniser.m in Sources */ = {isa = PBXBuildFile; fileRef = 109B5A1E1481584600B3662B /* SBJsonTokeniser.m */; };
		109B5A371481584700B3662B /* SBJsonUTF8Stream.m in Sources */ = {isa = PBXBuildFile; fileRef = 109B5A201481584600B3662B /* SBJsonUTF8Stream.m */; };
		109B5A381481584700B3662B /* SBJsonWriter.m in Sources */ = {isa = PBXBuildFile; fileRef = 109B5A221481584600B3662B /* SBJsonWriter.m */; };
		109B5A391481584700B3662B /* SLAlertSheet.m in Sources */ = {isa = PBXBuildFile; fileRef = 109B5A241481584600B3662B /* SLAlertSheet.m */; };
		109B5A3A1481584700B3662B /* SLPersistencyManager.m in Sources */ = {isa = PBXBuildFile; fileRef = 109B5A261481584600B3662B /* SLPersistencyManager.m */; };
		109B5A3B1481584700B3662B /* SLServerConnection.m in Sources */ = {isa = PBXBuildFile; fileRef = 109B5A281481584600B3662B /* SLServerConnection.m */; };
		109B5A3C1481584700B3662B /* SLServerRequests.m in Sources */ = {isa = PBXBuildFile; fileRef = 109B5A2A1481584700B3662B /* SLServerRequests.m */; };
		109B5A3D1481584700B3662B /* SLSessionManager.m in Sources */ = {isa = PBXBuildFile; fileRef = 109B5A2C1481584700B3662B /* SLSessionManager.m */; };
		10E1560A14815A0400E25BD9 /* LoginWindow.xib in Resources */ = {isa = PBXBuildFile; fileRef = 10E1560914815A0400E25BD9 /* LoginWindow.xib */; };
		10E1560D14815A1E00E25BD9 /* SLLoginWindowController.m in Sources */ = {isa = PBXBuildFile; fileRef = 10E1560C14815A1E00E25BD9 /* SLLoginWindowController.m */; };
		10E156101481679500E25BD9 /* SLMainWindowController.m in Sources */ = {isa = PBXBuildFile; fileRef = 10E1560F1481679500E25BD9 /* SLMainWindowController.m */; };
		10E15612148167A100E25BD9 /* MainWindow.xib in Resources */ = {isa = PBXBuildFile; fileRef = 10E15611148167A100E25BD9 /* MainWindow.xib */; };
		10F4BC8C1482FF4C000C0754 /* SLGroupsTableCellView.m in Sources */ = {isa = PBXBuildFile; fileRef = 10F4BC8B1482FF4C000C0754 /* SLGroupsTableCellView.m */; };
/* End PBXBuildFile section */

/* Begin PBXFileReference section */
		109B59E01481577E00B3662B /* ShareLounge.app */ = {isa = PBXFileReference; explicitFileType = wrapper.application; includeInIndex = 0; path = ShareLounge.app; sourceTree = BUILT_PRODUCTS_DIR; };
		109B59E41481577E00B3662B /* Cocoa.framework */ = {isa = PBXFileReference; lastKnownFileType = wrapper.framework; name = Cocoa.framework; path = System/Library/Frameworks/Cocoa.framework; sourceTree = SDKROOT; };
		109B59E71481577E00B3662B /* AppKit.framework */ = {isa = PBXFileReference; lastKnownFileType = wrapper.framework; name = AppKit.framework; path = System/Library/Frameworks/AppKit.framework; sourceTree = SDKROOT; };
		109B59E81481577E00B3662B /* CoreData.framework */ = {isa = PBXFileReference; lastKnownFileType = wrapper.framework; name = CoreData.framework; path = System/Library/Frameworks/CoreData.framework; sourceTree = SDKROOT; };
		109B59E91481577E00B3662B /* Foundation.framework */ = {isa = PBXFileReference; lastKnownFileType = wrapper.framework; name = Foundation.framework; path = System/Library/Frameworks/Foundation.framework; sourceTree = SDKROOT; };
		109B59EC1481577E00B3662B /* ShareLounge-Info.plist */ = {isa = PBXFileReference; lastKnownFileType = text.plist.xml; path = "ShareLounge-Info.plist"; sourceTree = "<group>"; };
		109B59EE1481577E00B3662B /* en */ = {isa = PBXFileReference; lastKnownFileType = text.plist.strings; name = en; path = en.lproj/InfoPlist.strings; sourceTree = "<group>"; };
		109B59F01481577E00B3662B /* main.m */ = {isa = PBXFileReference; lastKnownFileType = sourcecode.c.objc; path = main.m; sourceTree = "<group>"; };
		109B59F21481577E00B3662B /* ShareLounge-Prefix.pch */ = {isa = PBXFileReference; lastKnownFileType = sourcecode.c.h; path = "ShareLounge-Prefix.pch"; sourceTree = "<group>"; };
		109B59F41481577E00B3662B /* en */ = {isa = PBXFileReference; lastKnownFileType = text.rtf; name = en; path = en.lproj/Credits.rtf; sourceTree = "<group>"; };
		109B59F61481577E00B3662B /* SLAppDelegate.h */ = {isa = PBXFileReference; lastKnownFileType = sourcecode.c.h; path = SLAppDelegate.h; sourceTree = "<group>"; };
		109B59F71481577E00B3662B /* SLAppDelegate.m */ = {isa = PBXFileReference; lastKnownFileType = sourcecode.c.objc; path = SLAppDelegate.m; sourceTree = "<group>"; };
		109B59FA1481577E00B3662B /* en */ = {isa = PBXFileReference; lastKnownFileType = file.xib; name = en; path = en.lproj/MainMenu.xib; sourceTree = "<group>"; };
		109B5A0A1481584600B3662B /* NSObject+SBJson.h */ = {isa = PBXFileReference; fileEncoding = 4; lastKnownFileType = sourcecode.c.h; path = "NSObject+SBJson.h"; sourceTree = "<group>"; };
		109B5A0B1481584600B3662B /* NSObject+SBJson.m */ = {isa = PBXFileReference; fileEncoding = 4; lastKnownFileType = sourcecode.c.objc; path = "NSObject+SBJson.m"; sourceTree = "<group>"; };
		109B5A0C1481584600B3662B /* SBJson.h */ = {isa = PBXFileReference; fileEncoding = 4; lastKnownFileType = sourcecode.c.h; path = SBJson.h; sourceTree = "<group>"; };
		109B5A0D1481584600B3662B /* SBJsonParser.h */ = {isa = PBXFileReference; fileEncoding = 4; lastKnownFileType = sourcecode.c.h; path = SBJsonParser.h; sourceTree = "<group>"; };
		109B5A0E1481584600B3662B /* SBJsonParser.m */ = {isa = PBXFileReference; fileEncoding = 4; lastKnownFileType = sourcecode.c.objc; path = SBJsonParser.m; sourceTree = "<group>"; };
		109B5A0F1481584600B3662B /* SBJsonStreamParser.h */ = {isa = PBXFileReference; fileEncoding = 4; lastKnownFileType = sourcecode.c.h; path = SBJsonStreamParser.h; sourceTree = "<group>"; };
		109B5A101481584600B3662B /* SBJsonStreamParser.m */ = {isa = PBXFileReference; fileEncoding = 4; lastKnownFileType = sourcecode.c.objc; path = SBJsonStreamParser.m; sourceTree = "<group>"; };
		109B5A111481584600B3662B /* SBJsonStreamParserAccumulator.h */ = {isa = PBXFileReference; fileEncoding = 4; lastKnownFileType = sourcecode.c.h; path = SBJsonStreamParserAccumulator.h; sourceTree = "<group>"; };
		109B5A121481584600B3662B /* SBJsonStreamParserAccumulator.m */ = {isa = PBXFileReference; fileEncoding = 4; lastKnownFileType = sourcecode.c.objc; path = SBJsonStreamParserAccumulator.m; sourceTree = "<group>"; };
		109B5A131481584600B3662B /* SBJsonStreamParserAdapter.h */ = {isa = PBXFileReference; fileEncoding = 4; lastKnownFileType = sourcecode.c.h; path = SBJsonStreamParserAdapter.h; sourceTree = "<group>"; };
		109B5A141481584600B3662B /* SBJsonStreamParserAdapter.m */ = {isa = PBXFileReference; fileEncoding = 4; lastKnownFileType = sourcecode.c.objc; path = SBJsonStreamParserAdapter.m; sourceTree = "<group>"; };
		109B5A151481584600B3662B /* SBJsonStreamParserState.h */ = {isa = PBXFileReference; fileEncoding = 4; lastKnownFileType = sourcecode.c.h; path = SBJsonStreamParserState.h; sourceTree = "<group>"; };
		109B5A161481584600B3662B /* SBJsonStreamParserState.m */ = {isa = PBXFileReference; fileEncoding = 4; lastKnownFileType = sourcecode.c.objc; path = SBJsonStreamParserState.m; sourceTree = "<group>"; };
		109B5A171481584600B3662B /* SBJsonStreamWriter.h */ = {isa = PBXFileReference; fileEncoding = 4; lastKnownFileType = sourcecode.c.h; path = SBJsonStreamWriter.h; sourceTree = "<group>"; };
		109B5A181481584600B3662B /* SBJsonStreamWriter.m */ = {isa = PBXFileReference; fileEncoding = 4; lastKnownFileType = sourcecode.c.objc; path = SBJsonStreamWriter.m; sourceTree = "<group>"; };
		109B5A191481584600B3662B /* SBJsonStreamWriterAccumulator.h */ = {isa = PBXFileReference; fileEncoding = 4; lastKnownFileType = sourcecode.c.h; path = SBJsonStreamWriterAccumulator.h; sourceTree = "<group>"; };
		109B5A1A1481584600B3662B /* SBJsonStreamWriterAccumulator.m */ = {isa = PBXFileReference; fileEncoding = 4; lastKnownFileType = sourcecode.c.objc; path = SBJsonStreamWriterAccumulator.m; sourceTree = "<group>"; };
		109B5A1B1481584600B3662B /* SBJsonStreamWriterState.h */ = {isa = PBXFileReference; fileEncoding = 4; lastKnownFileType = sourcecode.c.h; path = SBJsonStreamWriterState.h; sourceTree = "<group>"; };
		109B5A1C1481584600B3662B /* SBJsonStreamWriterState.m */ = {isa = PBXFileReference; fileEncoding = 4; lastKnownFileType = sourcecode.c.objc; path = SBJsonStreamWriterState.m; sourceTree = "<group>"; };
		109B5A1D1481584600B3662B /* SBJsonTokeniser.h */ = {isa = PBXFileReference; fileEncoding = 4; lastKnownFileType = sourcecode.c.h; path = SBJsonTokeniser.h; sourceTree = "<group>"; };
		109B5A1E1481584600B3662B /* SBJsonTokeniser.m */ = {isa = PBXFileReference; fileEncoding = 4; lastKnownFileType = sourcecode.c.objc; path = SBJsonTokeniser.m; sourceTree = "<group>"; };
		109B5A1F1481584600B3662B /* SBJsonUTF8Stream.h */ = {isa = PBXFileReference; fileEncoding = 4; lastKnownFileType = sourcecode.c.h; path = SBJsonUTF8Stream.h; sourceTree = "<group>"; };
		109B5A201481584600B3662B /* SBJsonUTF8Stream.m */ = {isa = PBXFileReference; fileEncoding = 4; lastKnownFileType = sourcecode.c.objc; path = SBJsonUTF8Stream.m; sourceTree = "<group>"; };
		109B5A211481584600B3662B /* SBJsonWriter.h */ = {isa = PBXFileReference; fileEncoding = 4; lastKnownFileType = sourcecode.c.h; path = SBJsonWriter.h; sourceTree = "<group>"; };
		109B5A221481584600B3662B /* SBJsonWriter.m */ = {isa = PBXFileReference; fileEncoding = 4; lastKnownFileType = sourcecode.c.objc; path = SBJsonWriter.m; sourceTree = "<group>"; };
		109B5A231481584600B3662B /* SLAlertSheet.h */ = {isa = PBXFileReference; fileEncoding = 4; lastKnownFileType = sourcecode.c.h; path = SLAlertSheet.h; sourceTree = "<group>"; };
		109B5A241481584600B3662B /* SLAlertSheet.m */ = {isa = PBXFileReference; fileEncoding = 4; lastKnownFileType = sourcecode.c.objc; path = SLAlertSheet.m; sourceTree = "<group>"; };
		109B5A251481584600B3662B /* SLPersistencyManager.h */ = {isa = PBXFileReference; fileEncoding = 4; lastKnownFileType = sourcecode.c.h; path = SLPersistencyManager.h; sourceTree = "<group>"; };
		109B5A261481584600B3662B /* SLPersistencyManager.m */ = {isa = PBXFileReference; fileEncoding = 4; lastKnownFileType = sourcecode.c.objc; path = SLPersistencyManager.m; sourceTree = "<group>"; };
		109B5A271481584600B3662B /* SLServerConnection.h */ = {isa = PBXFileReference; fileEncoding = 4; lastKnownFileType = sourcecode.c.h; path = SLServerConnection.h; sourceTree = "<group>"; };
		109B5A281481584600B3662B /* SLServerConnection.m */ = {isa = PBXFileReference; fileEncoding = 4; lastKnownFileType = sourcecode.c.objc; path = SLServerConnection.m; sourceTree = "<group>"; };
		109B5A291481584600B3662B /* SLServerRequests.h */ = {isa = PBXFileReference; fileEncoding = 4; lastKnownFileType = sourcecode.c.h; path = SLServerRequests.h; sourceTree = "<group>"; };
		109B5A2A1481584700B3662B /* SLServerRequests.m */ = {isa = PBXFileReference; fileEncoding = 4; lastKnownFileType = sourcecode.c.objc; path = SLServerRequests.m; sourceTree = "<group>"; };
		109B5A2B1481584700B3662B /* SLSessionManager.h */ = {isa = PBXFileReference; fileEncoding = 4; lastKnownFileType = sourcecode.c.h; path = SLSessionManager.h; sourceTree = "<group>"; };
		109B5A2C1481584700B3662B /* SLSessionManager.m */ = {isa = PBXFileReference; fileEncoding = 4; lastKnownFileType = sourcecode.c.objc; path = SLSessionManager.m; sourceTree = "<group>"; };
		10E1560914815A0400E25BD9 /* LoginWindow.xib */ = {isa = PBXFileReference; fileEncoding = 4; lastKnownFileType = file.xib; path = LoginWindow.xib; sourceTree = "<group>"; };
		10E1560B14815A1E00E25BD9 /* SLLoginWindowController.h */ = {isa = PBXFileReference; fileEncoding = 4; lastKnownFileType = sourcecode.c.h; path = SLLoginWindowController.h; sourceTree = "<group>"; };
		10E1560C14815A1E00E25BD9 /* SLLoginWindowController.m */ = {isa = PBXFileReference; fileEncoding = 4; lastKnownFileType = sourcecode.c.objc; path = SLLoginWindowController.m; sourceTree = "<group>"; };
		10E1560E1481679500E25BD9 /* SLMainWindowController.h */ = {isa = PBXFileReference; fileEncoding = 4; lastKnownFileType = sourcecode.c.h; path = SLMainWindowController.h; sourceTree = "<group>"; };
		10E1560F1481679500E25BD9 /* SLMainWindowController.m */ = {isa = PBXFileReference; fileEncoding = 4; lastKnownFileType = sourcecode.c.objc; path = SLMainWindowController.m; sourceTree = "<group>"; };
		10E15611148167A100E25BD9 /* MainWindow.xib */ = {isa = PBXFileReference; fileEncoding = 4; lastKnownFileType = file.xib; path = MainWindow.xib; sourceTree = "<group>"; };
		10F4BC8A1482FF4C000C0754 /* SLGroupsTableCellView.h */ = {isa = PBXFileReference; fileEncoding = 4; lastKnownFileType = sourcecode.c.h; path = SLGroupsTableCellView.h; sourceTree = "<group>"; };
		10F4BC8B1482FF4C000C0754 /* SLGroupsTableCellView.m */ = {isa = PBXFileReference; fileEncoding = 4; lastKnownFileType = sourcecode.c.objc; path = SLGroupsTableCellView.m; sourceTree = "<group>"; };
/* End PBXFileReference section */

/* Begin PBXFrameworksBuildPhase section */
		109B59DD1481577E00B3662B /* Frameworks */ = {
			isa = PBXFrameworksBuildPhase;
			buildActionMask = 2147483647;
			files = (
				109B59E51481577E00B3662B /* Cocoa.framework in Frameworks */,
			);
			runOnlyForDeploymentPostprocessing = 0;
		};
/* End PBXFrameworksBuildPhase section */

/* Begin PBXGroup section */
		109B59D51481577D00B3662B = {
			isa = PBXGroup;
			children = (
				109B59EA1481577E00B3662B /* ShareLounge */,
				109B59E31481577E00B3662B /* Frameworks */,
				109B59E11481577E00B3662B /* Products */,
			);
			sourceTree = "<group>";
		};
		109B59E11481577E00B3662B /* Products */ = {
			isa = PBXGroup;
			children = (
				109B59E01481577E00B3662B /* ShareLounge.app */,
			);
			name = Products;
			sourceTree = "<group>";
		};
		109B59E31481577E00B3662B /* Frameworks */ = {
			isa = PBXGroup;
			children = (
				109B59E41481577E00B3662B /* Cocoa.framework */,
				109B59E61481577E00B3662B /* Other Frameworks */,
			);
			name = Frameworks;
			sourceTree = "<group>";
		};
		109B59E61481577E00B3662B /* Other Frameworks */ = {
			isa = PBXGroup;
			children = (
				109B59E71481577E00B3662B /* AppKit.framework */,
				109B59E81481577E00B3662B /* CoreData.framework */,
				109B59E91481577E00B3662B /* Foundation.framework */,
			);
			name = "Other Frameworks";
			sourceTree = "<group>";
		};
		109B59EA1481577E00B3662B /* ShareLounge */ = {
			isa = PBXGroup;
			children = (
				109B5A081481581D00B3662B /* Libraries */,
				109B5A071481581200B3662B /* Back-end */,
				109B5A051481580600B3662B /* Front-end */,
				109B59EB1481577E00B3662B /* Supporting Files */,
			);
			path = ShareLounge;
			sourceTree = "<group>";
		};
		109B59EB1481577E00B3662B /* Supporting Files */ = {
			isa = PBXGroup;
			children = (
				109B59EC1481577E00B3662B /* ShareLounge-Info.plist */,
				109B59ED1481577E00B3662B /* InfoPlist.strings */,
				109B59F01481577E00B3662B /* main.m */,
				109B59F21481577E00B3662B /* ShareLounge-Prefix.pch */,
				109B59F31481577E00B3662B /* Credits.rtf */,
			);
			name = "Supporting Files";
			sourceTree = "<group>";
		};
		109B5A051481580600B3662B /* Front-end */ = {
			isa = PBXGroup;
			children = (
				109B5A231481584600B3662B /* SLAlertSheet.h */,
				109B5A241481584600B3662B /* SLAlertSheet.m */,
				109B59F61481577E00B3662B /* SLAppDelegate.h */,
				109B59F71481577E00B3662B /* SLAppDelegate.m */,
				109B59F91481577E00B3662B /* MainMenu.xib */,
				10E1560914815A0400E25BD9 /* LoginWindow.xib */,
				10E1560B14815A1E00E25BD9 /* SLLoginWindowController.h */,
				10E1560C14815A1E00E25BD9 /* SLLoginWindowController.m */,
				10E1560E1481679500E25BD9 /* SLMainWindowController.h */,
				10E1560F1481679500E25BD9 /* SLMainWindowController.m */,
				10E15611148167A100E25BD9 /* MainWindow.xib */,
				10F4BC8A1482FF4C000C0754 /* SLGroupsTableCellView.h */,
				10F4BC8B1482FF4C000C0754 /* SLGroupsTableCellView.m */,
			);
			name = "Front-end";
			sourceTree = "<group>";
		};
		109B5A071481581200B3662B /* Back-end */ = {
			isa = PBXGroup;
			children = (
				109B5A251481584600B3662B /* SLPersistencyManager.h */,
				109B5A261481584600B3662B /* SLPersistencyManager.m */,
				109B5A271481584600B3662B /* SLServerConnection.h */,
				109B5A281481584600B3662B /* SLServerConnection.m */,
				109B5A291481584600B3662B /* SLServerRequests.h */,
				109B5A2A1481584700B3662B /* SLServerRequests.m */,
				109B5A2B1481584700B3662B /* SLSessionManager.h */,
				109B5A2C1481584700B3662B /* SLSessionManager.m */,
			);
			name = "Back-end";
			sourceTree = "<group>";
		};
		109B5A081481581D00B3662B /* Libraries */ = {
			isa = PBXGroup;
			children = (
				109B5A091481582700B3662B /* SBJson */,
			);
			name = Libraries;
			sourceTree = "<group>";
		};
		109B5A091481582700B3662B /* SBJson */ = {
			isa = PBXGroup;
			children = (
				109B5A0A1481584600B3662B /* NSObject+SBJson.h */,
				109B5A0B1481584600B3662B /* NSObject+SBJson.m */,
				109B5A0C1481584600B3662B /* SBJson.h */,
				109B5A0D1481584600B3662B /* SBJsonParser.h */,
				109B5A0E1481584600B3662B /* SBJsonParser.m */,
				109B5A0F1481584600B3662B /* SBJsonStreamParser.h */,
				109B5A101481584600B3662B /* SBJsonStreamParser.m */,
				109B5A111481584600B3662B /* SBJsonStreamParserAccumulator.h */,
				109B5A121481584600B3662B /* SBJsonStreamParserAccumulator.m */,
				109B5A131481584600B3662B /* SBJsonStreamParserAdapter.h */,
				109B5A141481584600B3662B /* SBJsonStreamParserAdapter.m */,
				109B5A151481584600B3662B /* SBJsonStreamParserState.h */,
				109B5A161481584600B3662B /* SBJsonStreamParserState.m */,
				109B5A171481584600B3662B /* SBJsonStreamWriter.h */,
				109B5A181481584600B3662B /* SBJsonStreamWriter.m */,
				109B5A191481584600B3662B /* SBJsonStreamWriterAccumulator.h */,
				109B5A1A1481584600B3662B /* SBJsonStreamWriterAccumulator.m */,
				109B5A1B1481584600B3662B /* SBJsonStreamWriterState.h */,
				109B5A1C1481584600B3662B /* SBJsonStreamWriterState.m */,
				109B5A1D1481584600B3662B /* SBJsonTokeniser.h */,
				109B5A1E1481584600B3662B /* SBJsonTokeniser.m */,
				109B5A1F1481584600B3662B /* SBJsonUTF8Stream.h */,
				109B5A201481584600B3662B /* SBJsonUTF8Stream.m */,
				109B5A211481584600B3662B /* SBJsonWriter.h */,
				109B5A221481584600B3662B /* SBJsonWriter.m */,
			);
			name = SBJson;
			sourceTree = "<group>";
		};
/* End PBXGroup section */

/* Begin PBXNativeTarget section */
		109B59DF1481577E00B3662B /* ShareLounge */ = {
			isa = PBXNativeTarget;
			buildConfigurationList = 109B59FE1481577E00B3662B /* Build configuration list for PBXNativeTarget "ShareLounge" */;
			buildPhases = (
				109B59DC1481577E00B3662B /* Sources */,
				109B59DD1481577E00B3662B /* Frameworks */,
				109B59DE1481577E00B3662B /* Resources */,
			);
			buildRules = (
			);
			dependencies = (
			);
			name = ShareLounge;
			productName = ShareLounge;
			productReference = 109B59E01481577E00B3662B /* ShareLounge.app */;
			productType = "com.apple.product-type.application";
		};
/* End PBXNativeTarget section */

/* Begin PBXProject section */
		109B59D71481577D00B3662B /* Project object */ = {
			isa = PBXProject;
			attributes = {
				LastUpgradeCheck = 0420;
			};
			buildConfigurationList = 109B59DA1481577D00B3662B /* Build configuration list for PBXProject "ShareLounge" */;
			compatibilityVersion = "Xcode 3.2";
			developmentRegion = English;
			hasScannedForEncodings = 0;
			knownRegions = (
				en,
			);
			mainGroup = 109B59D51481577D00B3662B;
			productRefGroup = 109B59E11481577E00B3662B /* Products */;
			projectDirPath = "";
			projectRoot = "";
			targets = (
				109B59DF1481577E00B3662B /* ShareLounge */,
			);
		};
/* End PBXProject section */

/* Begin PBXResourcesBuildPhase section */
		109B59DE1481577E00B3662B /* Resources */ = {
			isa = PBXResourcesBuildPhase;
			buildActionMask = 2147483647;
			files = (
				109B59EF1481577E00B3662B /* InfoPlist.strings in Resources */,
				109B59F51481577E00B3662B /* Credits.rtf in Resources */,
				109B59FB1481577E00B3662B /* MainMenu.xib in Resources */,
				10E1560A14815A0400E25BD9 /* LoginWindow.xib in Resources */,
				10E15612148167A100E25BD9 /* MainWindow.xib in Resources */,
			);
			runOnlyForDeploymentPostprocessing = 0;
		};
/* End PBXResourcesBuildPhase section */

/* Begin PBXSourcesBuildPhase section */
		109B59DC1481577E00B3662B /* Sources */ = {
			isa = PBXSourcesBuildPhase;
			buildActionMask = 2147483647;
			files = (
				109B59F11481577E00B3662B /* main.m in Sources */,
				109B59F81481577E00B3662B /* SLAppDelegate.m in Sources */,
				109B5A2D1481584700B3662B /* NSObject+SBJson.m in Sources */,
				109B5A2E1481584700B3662B /* SBJsonParser.m in Sources */,
				109B5A2F1481584700B3662B /* SBJsonStreamParser.m in Sources */,
				109B5A301481584700B3662B /* SBJsonStreamParserAccumulator.m in Sources */,
				109B5A311481584700B3662B /* SBJsonStreamParserAdapter.m in Sources */,
				109B5A321481584700B3662B /* SBJsonStreamParserState.m in Sources */,
				109B5A331481584700B3662B /* SBJsonStreamWriter.m in Sources */,
				109B5A341481584700B3662B /* SBJsonStreamWriterAccumulator.m in Sources */,
				109B5A351481584700B3662B /* SBJsonStreamWriterState.m in Sources */,
				109B5A361481584700B3662B /* SBJsonTokeniser.m in Sources */,
				109B5A371481584700B3662B /* SBJsonUTF8Stream.m in Sources */,
				109B5A381481584700B3662B /* SBJsonWriter.m in Sources */,
				109B5A391481584700B3662B /* SLAlertSheet.m in Sources */,
				109B5A3A1481584700B3662B /* SLPersistencyManager.m in Sources */,
				109B5A3B1481584700B3662B /* SLServerConnection.m in Sources */,
				109B5A3C1481584700B3662B /* SLServerRequests.m in Sources */,
				109B5A3D1481584700B3662B /* SLSessionManager.m in Sources */,
				10E1560D14815A1E00E25BD9 /* SLLoginWindowController.m in Sources */,
				10E156101481679500E25BD9 /* SLMainWindowController.m in Sources */,
				10F4BC8C1482FF4C000C0754 /* SLGroupsTableCellView.m in Sources */,
			);
			runOnlyForDeploymentPostprocessing = 0;
		};
/* End PBXSourcesBuildPhase section */

/* Begin PBXVariantGroup section */
		109B59ED1481577E00B3662B /* InfoPlist.strings */ = {
			isa = PBXVariantGroup;
			children = (
				109B59EE1481577E00B3662B /* en */,
			);
			name = InfoPlist.strings;
			sourceTree = "<group>";
		};
		109B59F31481577E00B3662B /* Credits.rtf */ = {
			isa = PBXVariantGroup;
			children = (
				109B59F41481577E00B3662B /* en */,
			);
			name = Credits.rtf;
			sourceTree = "<group>";
		};
		109B59F91481577E00B3662B /* MainMenu.xib */ = {
			isa = PBXVariantGroup;
			children = (
				109B59FA1481577E00B3662B /* en */,
			);
			name = MainMenu.xib;
			sourceTree = "<group>";
		};
/* End PBXVariantGroup section */

/* Begin XCBuildConfiguration section */
		109B59FC1481577E00B3662B /* Debug */ = {
			isa = XCBuildConfiguration;
			buildSettings = {
				ALWAYS_SEARCH_USER_PATHS = NO;
				ARCHS = "$(ARCHS_STANDARD_64_BIT)";
				CLANG_ENABLE_OBJC_ARC = YES;
				COPY_PHASE_STRIP = NO;
				GCC_C_LANGUAGE_STANDARD = gnu99;
				GCC_DYNAMIC_NO_PIC = NO;
				GCC_ENABLE_OBJC_EXCEPTIONS = YES;
				GCC_OPTIMIZATION_LEVEL = 0;
				GCC_PREPROCESSOR_DEFINITIONS = (
					"DEBUG=1",
					"$(inherited)",
				);
				GCC_SYMBOLS_PRIVATE_EXTERN = NO;
				GCC_VERSION = com.apple.compilers.llvm.clang.1_0;
				GCC_WARN_64_TO_32_BIT_CONVERSION = YES;
				GCC_WARN_ABOUT_MISSING_PROTOTYPES = YES;
				GCC_WARN_ABOUT_RETURN_TYPE = YES;
				GCC_WARN_UNUSED_VARIABLE = YES;
				MACOSX_DEPLOYMENT_TARGET = 10.7;
				ONLY_ACTIVE_ARCH = YES;
				SDKROOT = macosx;
			};
			name = Debug;
		};
		109B59FD1481577E00B3662B /* Release */ = {
			isa = XCBuildConfiguration;
			buildSettings = {
				ALWAYS_SEARCH_USER_PATHS = NO;
				ARCHS = "$(ARCHS_STANDARD_64_BIT)";
				CLANG_ENABLE_OBJC_ARC = YES;
				COPY_PHASE_STRIP = YES;
				DEBUG_INFORMATION_FORMAT = "dwarf-with-dsym";
				GCC_C_LANGUAGE_STANDARD = gnu99;
				GCC_ENABLE_OBJC_EXCEPTIONS = YES;
				GCC_VERSION = com.apple.compilers.llvm.clang.1_0;
				GCC_WARN_64_TO_32_BIT_CONVERSION = YES;
				GCC_WARN_ABOUT_MISSING_PROTOTYPES = YES;
				GCC_WARN_ABOUT_RETURN_TYPE = YES;
				GCC_WARN_UNUSED_VARIABLE = YES;
				MACOSX_DEPLOYMENT_TARGET = 10.7;
				SDKROOT = macosx;
			};
			name = Release;
		};
		109B59FF1481577E00B3662B /* Debug */ = {
			isa = XCBuildConfiguration;
			buildSettings = {
				GCC_PRECOMPILE_PREFIX_HEADER = YES;
				GCC_PREFIX_HEADER = "ShareLounge/ShareLounge-Prefix.pch";
				INFOPLIST_FILE = "ShareLounge/ShareLounge-Info.plist";
				PRODUCT_NAME = "$(TARGET_NAME)";
				WRAPPER_EXTENSION = app;
			};
			name = Debug;
		};
		109B5A001481577E00B3662B /* Release */ = {
			isa = XCBuildConfiguration;
			buildSettings = {
				GCC_PRECOMPILE_PREFIX_HEADER = YES;
				GCC_PREFIX_HEADER = "ShareLounge/ShareLounge-Prefix.pch";
				INFOPLIST_FILE = "ShareLounge/ShareLounge-Info.plist";
				PRODUCT_NAME = "$(TARGET_NAME)";
				WRAPPER_EXTENSION = app;
			};
			name = Release;
		};
/* End XCBuildConfiguration section */

/* Begin XCConfigurationList section */
		109B59DA1481577D00B3662B /* Build configuration list for PBXProject "ShareLounge" */ = {
			isa = XCConfigurationList;
			buildConfigurations = (
				109B59FC1481577E00B3662B /* Debug */,
				109B59FD1481577E00B3662B /* Release */,
			);
			defaultConfigurationIsVisible = 0;
			defaultConfigurationName = Release;
		};
		109B59FE1481577E00B3662B /* Build configuration list for PBXNativeTarget "ShareLounge" */ = {
			isa = XCConfigurationList;
			buildConfigurations = (
				109B59FF1481577E00B3662B /* Debug */,
				109B5A001481577E00B3662B /* Release */,
			);
			defaultConfigurationIsVisible = 0;
			defaultConfigurationName = Release;
		};
/* End XCConfigurationList section */
	};
	rootObject = 109B59D71481577D00B3662B /* Project object */;
}
