// !$*UTF8*$!
{
	archiveVersion = 1;
	classes = {
	};
	objectVersion = 46;
	objects = {

/* Begin PBXBuildFile section */
		10CD86A314805FE4000FDB68 /* Cocoa.framework in Frameworks */ = {isa = PBXBuildFile; fileRef = 10CD86A214805FE4000FDB68 /* Cocoa.framework */; };
		10CD86AD14805FE4000FDB68 /* InfoPlist.strings in Resources */ = {isa = PBXBuildFile; fileRef = 10CD86AB14805FE4000FDB68 /* InfoPlist.strings */; };
		10CD86AF14805FE4000FDB68 /* main.m in Sources */ = {isa = PBXBuildFile; fileRef = 10CD86AE14805FE4000FDB68 /* main.m */; };
		10CD86B314805FE5000FDB68 /* Credits.rtf in Resources */ = {isa = PBXBuildFile; fileRef = 10CD86B114805FE5000FDB68 /* Credits.rtf */; };
		10CD86B614805FE5000FDB68 /* SLLoginWindowController.m in Sources */ = {isa = PBXBuildFile; fileRef = 10CD86B514805FE5000FDB68 /* SLLoginWindowController.m */; };
		10CD86B914805FE5000FDB68 /* LoginWindow.xib in Resources */ = {isa = PBXBuildFile; fileRef = 10CD86B714805FE5000FDB68 /* LoginWindow.xib */; };
		10CD86CF14806D0F000FDB68 /* SLServerConnection.m in Sources */ = {isa = PBXBuildFile; fileRef = 10CD86CE14806D0F000FDB68 /* SLServerConnection.m */; };
		10CD86EB14807759000FDB68 /* NSObject+SBJson.m in Sources */ = {isa = PBXBuildFile; fileRef = 10CD86D314807759000FDB68 /* NSObject+SBJson.m */; };
		10CD86EC14807759000FDB68 /* SBJsonParser.m in Sources */ = {isa = PBXBuildFile; fileRef = 10CD86D614807759000FDB68 /* SBJsonParser.m */; };
		10CD86ED14807759000FDB68 /* SBJsonStreamParser.m in Sources */ = {isa = PBXBuildFile; fileRef = 10CD86D814807759000FDB68 /* SBJsonStreamParser.m */; };
		10CD86EE14807759000FDB68 /* SBJsonStreamParserAccumulator.m in Sources */ = {isa = PBXBuildFile; fileRef = 10CD86DA14807759000FDB68 /* SBJsonStreamParserAccumulator.m */; };
		10CD86EF14807759000FDB68 /* SBJsonStreamParserAdapter.m in Sources */ = {isa = PBXBuildFile; fileRef = 10CD86DC14807759000FDB68 /* SBJsonStreamParserAdapter.m */; };
		10CD86F014807759000FDB68 /* SBJsonStreamParserState.m in Sources */ = {isa = PBXBuildFile; fileRef = 10CD86DE14807759000FDB68 /* SBJsonStreamParserState.m */; };
		10CD86F114807759000FDB68 /* SBJsonStreamWriter.m in Sources */ = {isa = PBXBuildFile; fileRef = 10CD86E014807759000FDB68 /* SBJsonStreamWriter.m */; };
		10CD86F214807759000FDB68 /* SBJsonStreamWriterAccumulator.m in Sources */ = {isa = PBXBuildFile; fileRef = 10CD86E214807759000FDB68 /* SBJsonStreamWriterAccumulator.m */; };
		10CD86F314807759000FDB68 /* SBJsonStreamWriterState.m in Sources */ = {isa = PBXBuildFile; fileRef = 10CD86E414807759000FDB68 /* SBJsonStreamWriterState.m */; };
		10CD86F414807759000FDB68 /* SBJsonTokeniser.m in Sources */ = {isa = PBXBuildFile; fileRef = 10CD86E614807759000FDB68 /* SBJsonTokeniser.m */; };
		10CD86F514807759000FDB68 /* SBJsonUTF8Stream.m in Sources */ = {isa = PBXBuildFile; fileRef = 10CD86E814807759000FDB68 /* SBJsonUTF8Stream.m */; };
		10CD86F614807759000FDB68 /* SBJsonWriter.m in Sources */ = {isa = PBXBuildFile; fileRef = 10CD86EA14807759000FDB68 /* SBJsonWriter.m */; };
/* End PBXBuildFile section */

/* Begin PBXFileReference section */
		10CD869E14805FE4000FDB68 /* ShareLounge.app */ = {isa = PBXFileReference; explicitFileType = wrapper.application; includeInIndex = 0; path = ShareLounge.app; sourceTree = BUILT_PRODUCTS_DIR; };
		10CD86A214805FE4000FDB68 /* Cocoa.framework */ = {isa = PBXFileReference; lastKnownFileType = wrapper.framework; name = Cocoa.framework; path = System/Library/Frameworks/Cocoa.framework; sourceTree = SDKROOT; };
		10CD86A514805FE4000FDB68 /* AppKit.framework */ = {isa = PBXFileReference; lastKnownFileType = wrapper.framework; name = AppKit.framework; path = System/Library/Frameworks/AppKit.framework; sourceTree = SDKROOT; };
		10CD86A614805FE4000FDB68 /* CoreData.framework */ = {isa = PBXFileReference; lastKnownFileType = wrapper.framework; name = CoreData.framework; path = System/Library/Frameworks/CoreData.framework; sourceTree = SDKROOT; };
		10CD86A714805FE4000FDB68 /* Foundation.framework */ = {isa = PBXFileReference; lastKnownFileType = wrapper.framework; name = Foundation.framework; path = System/Library/Frameworks/Foundation.framework; sourceTree = SDKROOT; };
		10CD86AA14805FE4000FDB68 /* ShareLounge-Info.plist */ = {isa = PBXFileReference; lastKnownFileType = text.plist.xml; path = "ShareLounge-Info.plist"; sourceTree = "<group>"; };
		10CD86AC14805FE4000FDB68 /* en */ = {isa = PBXFileReference; lastKnownFileType = text.plist.strings; name = en; path = en.lproj/InfoPlist.strings; sourceTree = "<group>"; };
		10CD86AE14805FE4000FDB68 /* main.m */ = {isa = PBXFileReference; lastKnownFileType = sourcecode.c.objc; path = main.m; sourceTree = "<group>"; };
		10CD86B014805FE4000FDB68 /* ShareLounge-Prefix.pch */ = {isa = PBXFileReference; lastKnownFileType = sourcecode.c.h; path = "ShareLounge-Prefix.pch"; sourceTree = "<group>"; };
		10CD86B214805FE5000FDB68 /* en */ = {isa = PBXFileReference; lastKnownFileType = text.rtf; name = en; path = en.lproj/Credits.rtf; sourceTree = "<group>"; };
		10CD86B414805FE5000FDB68 /* SLLoginWindowController.h */ = {isa = PBXFileReference; lastKnownFileType = sourcecode.c.h; path = SLLoginWindowController.h; sourceTree = "<group>"; };
		10CD86B514805FE5000FDB68 /* SLLoginWindowController.m */ = {isa = PBXFileReference; lastKnownFileType = sourcecode.c.objc; path = SLLoginWindowController.m; sourceTree = "<group>"; };
		10CD86B814805FE5000FDB68 /* en */ = {isa = PBXFileReference; lastKnownFileType = file.xib; name = en; path = en.lproj/LoginWindow.xib; sourceTree = "<group>"; };
		10CD86CD14806D0F000FDB68 /* SLServerConnection.h */ = {isa = PBXFileReference; fileEncoding = 4; lastKnownFileType = sourcecode.c.h; path = SLServerConnection.h; sourceTree = "<group>"; };
		10CD86CE14806D0F000FDB68 /* SLServerConnection.m */ = {isa = PBXFileReference; fileEncoding = 4; lastKnownFileType = sourcecode.c.objc; path = SLServerConnection.m; sourceTree = "<group>"; };
		10CD86D214807759000FDB68 /* NSObject+SBJson.h */ = {isa = PBXFileReference; fileEncoding = 4; lastKnownFileType = sourcecode.c.h; path = "NSObject+SBJson.h"; sourceTree = "<group>"; };
		10CD86D314807759000FDB68 /* NSObject+SBJson.m */ = {isa = PBXFileReference; fileEncoding = 4; lastKnownFileType = sourcecode.c.objc; path = "NSObject+SBJson.m"; sourceTree = "<group>"; };
		10CD86D414807759000FDB68 /* SBJson.h */ = {isa = PBXFileReference; fileEncoding = 4; lastKnownFileType = sourcecode.c.h; path = SBJson.h; sourceTree = "<group>"; };
		10CD86D514807759000FDB68 /* SBJsonParser.h */ = {isa = PBXFileReference; fileEncoding = 4; lastKnownFileType = sourcecode.c.h; path = SBJsonParser.h; sourceTree = "<group>"; };
		10CD86D614807759000FDB68 /* SBJsonParser.m */ = {isa = PBXFileReference; fileEncoding = 4; lastKnownFileType = sourcecode.c.objc; path = SBJsonParser.m; sourceTree = "<group>"; };
		10CD86D714807759000FDB68 /* SBJsonStreamParser.h */ = {isa = PBXFileReference; fileEncoding = 4; lastKnownFileType = sourcecode.c.h; path = SBJsonStreamParser.h; sourceTree = "<group>"; };
		10CD86D814807759000FDB68 /* SBJsonStreamParser.m */ = {isa = PBXFileReference; fileEncoding = 4; lastKnownFileType = sourcecode.c.objc; path = SBJsonStreamParser.m; sourceTree = "<group>"; };
		10CD86D914807759000FDB68 /* SBJsonStreamParserAccumulator.h */ = {isa = PBXFileReference; fileEncoding = 4; lastKnownFileType = sourcecode.c.h; path = SBJsonStreamParserAccumulator.h; sourceTree = "<group>"; };
		10CD86DA14807759000FDB68 /* SBJsonStreamParserAccumulator.m */ = {isa = PBXFileReference; fileEncoding = 4; lastKnownFileType = sourcecode.c.objc; path = SBJsonStreamParserAccumulator.m; sourceTree = "<group>"; };
		10CD86DB14807759000FDB68 /* SBJsonStreamParserAdapter.h */ = {isa = PBXFileReference; fileEncoding = 4; lastKnownFileType = sourcecode.c.h; path = SBJsonStreamParserAdapter.h; sourceTree = "<group>"; };
		10CD86DC14807759000FDB68 /* SBJsonStreamParserAdapter.m */ = {isa = PBXFileReference; fileEncoding = 4; lastKnownFileType = sourcecode.c.objc; path = SBJsonStreamParserAdapter.m; sourceTree = "<group>"; };
		10CD86DD14807759000FDB68 /* SBJsonStreamParserState.h */ = {isa = PBXFileReference; fileEncoding = 4; lastKnownFileType = sourcecode.c.h; path = SBJsonStreamParserState.h; sourceTree = "<group>"; };
		10CD86DE14807759000FDB68 /* SBJsonStreamParserState.m */ = {isa = PBXFileReference; fileEncoding = 4; lastKnownFileType = sourcecode.c.objc; path = SBJsonStreamParserState.m; sourceTree = "<group>"; };
		10CD86DF14807759000FDB68 /* SBJsonStreamWriter.h */ = {isa = PBXFileReference; fileEncoding = 4; lastKnownFileType = sourcecode.c.h; path = SBJsonStreamWriter.h; sourceTree = "<group>"; };
		10CD86E014807759000FDB68 /* SBJsonStreamWriter.m */ = {isa = PBXFileReference; fileEncoding = 4; lastKnownFileType = sourcecode.c.objc; path = SBJsonStreamWriter.m; sourceTree = "<group>"; };
		10CD86E114807759000FDB68 /* SBJsonStreamWriterAccumulator.h */ = {isa = PBXFileReference; fileEncoding = 4; lastKnownFileType = sourcecode.c.h; path = SBJsonStreamWriterAccumulator.h; sourceTree = "<group>"; };
		10CD86E214807759000FDB68 /* SBJsonStreamWriterAccumulator.m */ = {isa = PBXFileReference; fileEncoding = 4; lastKnownFileType = sourcecode.c.objc; path = SBJsonStreamWriterAccumulator.m; sourceTree = "<group>"; };
		10CD86E314807759000FDB68 /* SBJsonStreamWriterState.h */ = {isa = PBXFileReference; fileEncoding = 4; lastKnownFileType = sourcecode.c.h; path = SBJsonStreamWriterState.h; sourceTree = "<group>"; };
		10CD86E414807759000FDB68 /* SBJsonStreamWriterState.m */ = {isa = PBXFileReference; fileEncoding = 4; lastKnownFileType = sourcecode.c.objc; path = SBJsonStreamWriterState.m; sourceTree = "<group>"; };
		10CD86E514807759000FDB68 /* SBJsonTokeniser.h */ = {isa = PBXFileReference; fileEncoding = 4; lastKnownFileType = sourcecode.c.h; path = SBJsonTokeniser.h; sourceTree = "<group>"; };
		10CD86E614807759000FDB68 /* SBJsonTokeniser.m */ = {isa = PBXFileReference; fileEncoding = 4; lastKnownFileType = sourcecode.c.objc; path = SBJsonTokeniser.m; sourceTree = "<group>"; };
		10CD86E714807759000FDB68 /* SBJsonUTF8Stream.h */ = {isa = PBXFileReference; fileEncoding = 4; lastKnownFileType = sourcecode.c.h; path = SBJsonUTF8Stream.h; sourceTree = "<group>"; };
		10CD86E814807759000FDB68 /* SBJsonUTF8Stream.m */ = {isa = PBXFileReference; fileEncoding = 4; lastKnownFileType = sourcecode.c.objc; path = SBJsonUTF8Stream.m; sourceTree = "<group>"; };
		10CD86E914807759000FDB68 /* SBJsonWriter.h */ = {isa = PBXFileReference; fileEncoding = 4; lastKnownFileType = sourcecode.c.h; path = SBJsonWriter.h; sourceTree = "<group>"; };
		10CD86EA14807759000FDB68 /* SBJsonWriter.m */ = {isa = PBXFileReference; fileEncoding = 4; lastKnownFileType = sourcecode.c.objc; path = SBJsonWriter.m; sourceTree = "<group>"; };
/* End PBXFileReference section */

/* Begin PBXFrameworksBuildPhase section */
		10CD869B14805FE4000FDB68 /* Frameworks */ = {
			isa = PBXFrameworksBuildPhase;
			buildActionMask = 2147483647;
			files = (
				10CD86A314805FE4000FDB68 /* Cocoa.framework in Frameworks */,
			);
			runOnlyForDeploymentPostprocessing = 0;
		};
/* End PBXFrameworksBuildPhase section */

/* Begin PBXGroup section */
		10CD869314805FE3000FDB68 = {
			isa = PBXGroup;
			children = (
				10CD86A814805FE4000FDB68 /* ShareLounge */,
				10CD86A114805FE4000FDB68 /* Frameworks */,
				10CD869F14805FE4000FDB68 /* Products */,
			);
			sourceTree = "<group>";
		};
		10CD869F14805FE4000FDB68 /* Products */ = {
			isa = PBXGroup;
			children = (
				10CD869E14805FE4000FDB68 /* ShareLounge.app */,
			);
			name = Products;
			sourceTree = "<group>";
		};
		10CD86A114805FE4000FDB68 /* Frameworks */ = {
			isa = PBXGroup;
			children = (
				10CD86A214805FE4000FDB68 /* Cocoa.framework */,
				10CD86A414805FE4000FDB68 /* Other Frameworks */,
			);
			name = Frameworks;
			sourceTree = "<group>";
		};
		10CD86A414805FE4000FDB68 /* Other Frameworks */ = {
			isa = PBXGroup;
			children = (
				10CD86A514805FE4000FDB68 /* AppKit.framework */,
				10CD86A614805FE4000FDB68 /* CoreData.framework */,
				10CD86A714805FE4000FDB68 /* Foundation.framework */,
			);
			name = "Other Frameworks";
			sourceTree = "<group>";
		};
		10CD86A814805FE4000FDB68 /* ShareLounge */ = {
			isa = PBXGroup;
			children = (
				10CD86CC14806CC9000FDB68 /* Front-end */,
				10CD86CB14806CBF000FDB68 /* Back-end */,
				10CD86D014807732000FDB68 /* Libraries */,
				10CD86A914805FE4000FDB68 /* Supporting Files */,
			);
			path = ShareLounge;
			sourceTree = "<group>";
		};
		10CD86A914805FE4000FDB68 /* Supporting Files */ = {
			isa = PBXGroup;
			children = (
				10CD86AA14805FE4000FDB68 /* ShareLounge-Info.plist */,
				10CD86AB14805FE4000FDB68 /* InfoPlist.strings */,
				10CD86AE14805FE4000FDB68 /* main.m */,
				10CD86B014805FE4000FDB68 /* ShareLounge-Prefix.pch */,
				10CD86B114805FE5000FDB68 /* Credits.rtf */,
			);
			name = "Supporting Files";
			sourceTree = "<group>";
		};
		10CD86CB14806CBF000FDB68 /* Back-end */ = {
			isa = PBXGroup;
			children = (
				10CD86CD14806D0F000FDB68 /* SLServerConnection.h */,
				10CD86CE14806D0F000FDB68 /* SLServerConnection.m */,
			);
			name = "Back-end";
			sourceTree = "<group>";
		};
		10CD86CC14806CC9000FDB68 /* Front-end */ = {
			isa = PBXGroup;
			children = (
				10CD86B414805FE5000FDB68 /* SLLoginWindowController.h */,
				10CD86B514805FE5000FDB68 /* SLLoginWindowController.m */,
				10CD86B714805FE5000FDB68 /* LoginWindow.xib */,
			);
			name = "Front-end";
			sourceTree = "<group>";
		};
		10CD86D014807732000FDB68 /* Libraries */ = {
			isa = PBXGroup;
			children = (
				10CD86D114807740000FDB68 /* SBJson */,
			);
			name = Libraries;
			sourceTree = "<group>";
		};
		10CD86D114807740000FDB68 /* SBJson */ = {
			isa = PBXGroup;
			children = (
				10CD86D214807759000FDB68 /* NSObject+SBJson.h */,
				10CD86D314807759000FDB68 /* NSObject+SBJson.m */,
				10CD86D414807759000FDB68 /* SBJson.h */,
				10CD86D514807759000FDB68 /* SBJsonParser.h */,
				10CD86D614807759000FDB68 /* SBJsonParser.m */,
				10CD86D714807759000FDB68 /* SBJsonStreamParser.h */,
				10CD86D814807759000FDB68 /* SBJsonStreamParser.m */,
				10CD86D914807759000FDB68 /* SBJsonStreamParserAccumulator.h */,
				10CD86DA14807759000FDB68 /* SBJsonStreamParserAccumulator.m */,
				10CD86DB14807759000FDB68 /* SBJsonStreamParserAdapter.h */,
				10CD86DC14807759000FDB68 /* SBJsonStreamParserAdapter.m */,
				10CD86DD14807759000FDB68 /* SBJsonStreamParserState.h */,
				10CD86DE14807759000FDB68 /* SBJsonStreamParserState.m */,
				10CD86DF14807759000FDB68 /* SBJsonStreamWriter.h */,
				10CD86E014807759000FDB68 /* SBJsonStreamWriter.m */,
				10CD86E114807759000FDB68 /* SBJsonStreamWriterAccumulator.h */,
				10CD86E214807759000FDB68 /* SBJsonStreamWriterAccumulator.m */,
				10CD86E314807759000FDB68 /* SBJsonStreamWriterState.h */,
				10CD86E414807759000FDB68 /* SBJsonStreamWriterState.m */,
				10CD86E514807759000FDB68 /* SBJsonTokeniser.h */,
				10CD86E614807759000FDB68 /* SBJsonTokeniser.m */,
				10CD86E714807759000FDB68 /* SBJsonUTF8Stream.h */,
				10CD86E814807759000FDB68 /* SBJsonUTF8Stream.m */,
				10CD86E914807759000FDB68 /* SBJsonWriter.h */,
				10CD86EA14807759000FDB68 /* SBJsonWriter.m */,
			);
			name = SBJson;
			sourceTree = "<group>";
		};
/* End PBXGroup section */

/* Begin PBXNativeTarget section */
		10CD869D14805FE4000FDB68 /* ShareLounge */ = {
			isa = PBXNativeTarget;
			buildConfigurationList = 10CD86BC14805FE5000FDB68 /* Build configuration list for PBXNativeTarget "ShareLounge" */;
			buildPhases = (
				10CD869A14805FE4000FDB68 /* Sources */,
				10CD869B14805FE4000FDB68 /* Frameworks */,
				10CD869C14805FE4000FDB68 /* Resources */,
			);
			buildRules = (
			);
			dependencies = (
			);
			name = ShareLounge;
			productName = ShareLounge;
			productReference = 10CD869E14805FE4000FDB68 /* ShareLounge.app */;
			productType = "com.apple.product-type.application";
		};
/* End PBXNativeTarget section */

/* Begin PBXProject section */
		10CD869514805FE3000FDB68 /* Project object */ = {
			isa = PBXProject;
			attributes = {
				LastUpgradeCheck = 0420;
			};
			buildConfigurationList = 10CD869814805FE3000FDB68 /* Build configuration list for PBXProject "ShareLounge" */;
			compatibilityVersion = "Xcode 3.2";
			developmentRegion = English;
			hasScannedForEncodings = 0;
			knownRegions = (
				en,
			);
			mainGroup = 10CD869314805FE3000FDB68;
			productRefGroup = 10CD869F14805FE4000FDB68 /* Products */;
			projectDirPath = "";
			projectRoot = "";
			targets = (
				10CD869D14805FE4000FDB68 /* ShareLounge */,
			);
		};
/* End PBXProject section */

/* Begin PBXResourcesBuildPhase section */
		10CD869C14805FE4000FDB68 /* Resources */ = {
			isa = PBXResourcesBuildPhase;
			buildActionMask = 2147483647;
			files = (
				10CD86AD14805FE4000FDB68 /* InfoPlist.strings in Resources */,
				10CD86B314805FE5000FDB68 /* Credits.rtf in Resources */,
				10CD86B914805FE5000FDB68 /* LoginWindow.xib in Resources */,
			);
			runOnlyForDeploymentPostprocessing = 0;
		};
/* End PBXResourcesBuildPhase section */

/* Begin PBXSourcesBuildPhase section */
		10CD869A14805FE4000FDB68 /* Sources */ = {
			isa = PBXSourcesBuildPhase;
			buildActionMask = 2147483647;
			files = (
				10CD86AF14805FE4000FDB68 /* main.m in Sources */,
				10CD86B614805FE5000FDB68 /* SLLoginWindowController.m in Sources */,
				10CD86CF14806D0F000FDB68 /* SLServerConnection.m in Sources */,
				10CD86EB14807759000FDB68 /* NSObject+SBJson.m in Sources */,
				10CD86EC14807759000FDB68 /* SBJsonParser.m in Sources */,
				10CD86ED14807759000FDB68 /* SBJsonStreamParser.m in Sources */,
				10CD86EE14807759000FDB68 /* SBJsonStreamParserAccumulator.m in Sources */,
				10CD86EF14807759000FDB68 /* SBJsonStreamParserAdapter.m in Sources */,
				10CD86F014807759000FDB68 /* SBJsonStreamParserState.m in Sources */,
				10CD86F114807759000FDB68 /* SBJsonStreamWriter.m in Sources */,
				10CD86F214807759000FDB68 /* SBJsonStreamWriterAccumulator.m in Sources */,
				10CD86F314807759000FDB68 /* SBJsonStreamWriterState.m in Sources */,
				10CD86F414807759000FDB68 /* SBJsonTokeniser.m in Sources */,
				10CD86F514807759000FDB68 /* SBJsonUTF8Stream.m in Sources */,
				10CD86F614807759000FDB68 /* SBJsonWriter.m in Sources */,
			);
			runOnlyForDeploymentPostprocessing = 0;
		};
/* End PBXSourcesBuildPhase section */

/* Begin PBXVariantGroup section */
		10CD86AB14805FE4000FDB68 /* InfoPlist.strings */ = {
			isa = PBXVariantGroup;
			children = (
				10CD86AC14805FE4000FDB68 /* en */,
			);
			name = InfoPlist.strings;
			sourceTree = "<group>";
		};
		10CD86B114805FE5000FDB68 /* Credits.rtf */ = {
			isa = PBXVariantGroup;
			children = (
				10CD86B214805FE5000FDB68 /* en */,
			);
			name = Credits.rtf;
			sourceTree = "<group>";
		};
		10CD86B714805FE5000FDB68 /* LoginWindow.xib */ = {
			isa = PBXVariantGroup;
			children = (
				10CD86B814805FE5000FDB68 /* en */,
			);
			name = LoginWindow.xib;
			sourceTree = "<group>";
		};
/* End PBXVariantGroup section */

/* Begin XCBuildConfiguration section */
		10CD86BA14805FE5000FDB68 /* Debug */ = {
			isa = XCBuildConfiguration;
			buildSettings = {
				ALWAYS_SEARCH_USER_PATHS = NO;
				ARCHS = "$(ARCHS_STANDARD_64_BIT)";
				CLANG_ENABLE_OBJC_ARC = YES;
				COPY_PHASE_STRIP = NO;
				GCC_C_LANGUAGE_STANDARD = gnu99;
				GCC_DYNAMIC_NO_PIC = NO;
				GCC_ENABLE_OBJC_EXCEPTIONS = YES;
				GCC_OPTIMIZATION_LEVEL = 0;
				GCC_PREPROCESSOR_DEFINITIONS = (
					"DEBUG=1",
					"$(inherited)",
				);
				GCC_SYMBOLS_PRIVATE_EXTERN = NO;
				GCC_VERSION = com.apple.compilers.llvm.clang.1_0;
				GCC_WARN_64_TO_32_BIT_CONVERSION = YES;
				GCC_WARN_ABOUT_MISSING_PROTOTYPES = YES;
				GCC_WARN_ABOUT_RETURN_TYPE = YES;
				GCC_WARN_UNUSED_VARIABLE = YES;
				MACOSX_DEPLOYMENT_TARGET = 10.7;
				ONLY_ACTIVE_ARCH = YES;
				SDKROOT = macosx;
			};
			name = Debug;
		};
		10CD86BB14805FE5000FDB68 /* Release */ = {
			isa = XCBuildConfiguration;
			buildSettings = {
				ALWAYS_SEARCH_USER_PATHS = NO;
				ARCHS = "$(ARCHS_STANDARD_64_BIT)";
				CLANG_ENABLE_OBJC_ARC = YES;
				COPY_PHASE_STRIP = YES;
				DEBUG_INFORMATION_FORMAT = "dwarf-with-dsym";
				GCC_C_LANGUAGE_STANDARD = gnu99;
				GCC_ENABLE_OBJC_EXCEPTIONS = YES;
				GCC_VERSION = com.apple.compilers.llvm.clang.1_0;
				GCC_WARN_64_TO_32_BIT_CONVERSION = YES;
				GCC_WARN_ABOUT_MISSING_PROTOTYPES = YES;
				GCC_WARN_ABOUT_RETURN_TYPE = YES;
				GCC_WARN_UNUSED_VARIABLE = YES;
				MACOSX_DEPLOYMENT_TARGET = 10.7;
				SDKROOT = macosx;
			};
			name = Release;
		};
		10CD86BD14805FE5000FDB68 /* Debug */ = {
			isa = XCBuildConfiguration;
			buildSettings = {
				GCC_PRECOMPILE_PREFIX_HEADER = YES;
				GCC_PREFIX_HEADER = "ShareLounge/ShareLounge-Prefix.pch";
				INFOPLIST_FILE = "ShareLounge/ShareLounge-Info.plist";
				PRODUCT_NAME = "$(TARGET_NAME)";
				WRAPPER_EXTENSION = app;
			};
			name = Debug;
		};
		10CD86BE14805FE5000FDB68 /* Release */ = {
			isa = XCBuildConfiguration;
			buildSettings = {
				GCC_PRECOMPILE_PREFIX_HEADER = YES;
				GCC_PREFIX_HEADER = "ShareLounge/ShareLounge-Prefix.pch";
				INFOPLIST_FILE = "ShareLounge/ShareLounge-Info.plist";
				PRODUCT_NAME = "$(TARGET_NAME)";
				WRAPPER_EXTENSION = app;
			};
			name = Release;
		};
/* End XCBuildConfiguration section */

/* Begin XCConfigurationList section */
		10CD869814805FE3000FDB68 /* Build configuration list for PBXProject "ShareLounge" */ = {
			isa = XCConfigurationList;
			buildConfigurations = (
				10CD86BA14805FE5000FDB68 /* Debug */,
				10CD86BB14805FE5000FDB68 /* Release */,
			);
			defaultConfigurationIsVisible = 0;
			defaultConfigurationName = Release;
		};
		10CD86BC14805FE5000FDB68 /* Build configuration list for PBXNativeTarget "ShareLounge" */ = {
			isa = XCConfigurationList;
			buildConfigurations = (
				10CD86BD14805FE5000FDB68 /* Debug */,
				10CD86BE14805FE5000FDB68 /* Release */,
			);
			defaultConfigurationIsVisible = 0;
			defaultConfigurationName = Release;
		};
/* End XCConfigurationList section */
	};
	rootObject = 10CD869514805FE3000FDB68 /* Project object */;
}
